
Microsoft Visual Studio Solution File, Format Version 12.00
# Visual Studio Version 17
VisualStudioVersion = 17.5.33424.131
MinimumVisualStudioVersion = 10.0.40219.1
Project("{9A19103F-16F7-4668-BE54-9A1E7A4F7556}") = "Patient.Domain", "Patient.Domain\Patient.Domain.csproj", "{FF9827B6-57B1-450A-8282-0237EEFD6773}"
EndProject
Project("{2150E333-8FDC-42A3-9474-1A3956D46DE8}") = "src", "src", "{1E431A67-8B51-449F-9BF1-F07D0AC5F614}"
EndProject
Project("{2150E333-8FDC-42A3-9474-1A3956D46DE8}") = "core", "core", "{D59A57E8-9F4E-4AEB-B6FB-3BA3FFAE4811}"
EndProject
Project("{2150E333-8FDC-42A3-9474-1A3956D46DE8}") = "Infrastructure", "Infrastructure", "{3B11A24C-B758-4ECA-8C63-4B0E7D417A90}"
EndProject
Project("{2150E333-8FDC-42A3-9474-1A3956D46DE8}") = "UI", "UI", "{20ADBDA4-2DC2-459F-A43D-3EE9512F27CB}"
EndProject
Project("{2150E333-8FDC-42A3-9474-1A3956D46DE8}") = "Api", "Api", "{96773244-3360-4B5E-94D1-58C23CD1D6EF}"
EndProject
Project("{9A19103F-16F7-4668-BE54-9A1E7A4F7556}") = "Patient.Application", "Patient.Application\Patient.Application.csproj", "{7F557BE8-7651-478C-9CCC-B53781148E78}"
EndProject
Project("{9A19103F-16F7-4668-BE54-9A1E7A4F7556}") = "Patient.Persistence", "Patient.Persistence\Patient.Persistence.csproj", "{43CEFCA6-A258-4725-83B1-5D51F85C46FC}"
EndProject
Project("{FAE04EC0-301F-11D3-BF4B-00C04F79EFBC}") = "Patient.Api", "Patient.Api\Patient.Api.csproj", "{22DF4D8D-BD4B-4F12-9C14-0052CA6EDA20}"
EndProject
Global
	GlobalSection(SolutionConfigurationPlatforms) = preSolution
		Debug|Any CPU = Debug|Any CPU
		Release|Any CPU = Release|Any CPU
	EndGlobalSection
	GlobalSection(ProjectConfigurationPlatforms) = postSolution
		{FF9827B6-57B1-450A-8282-0237EEFD6773}.Debug|Any CPU.ActiveCfg = Debug|Any CPU
		{FF9827B6-57B1-450A-8282-0237EEFD6773}.Debug|Any CPU.Build.0 = Debug|Any CPU
		{FF9827B6-57B1-450A-8282-0237EEFD6773}.Release|Any CPU.ActiveCfg = Release|Any CPU
		{FF9827B6-57B1-450A-8282-0237EEFD6773}.Release|Any CPU.Build.0 = Release|Any CPU
		{7F557BE8-7651-478C-9CCC-B53781148E78}.Debug|Any CPU.ActiveCfg = Debug|Any CPU
		{7F557BE8-7651-478C-9CCC-B53781148E78}.Debug|Any CPU.Build.0 = Debug|Any CPU
		{7F557BE8-7651-478C-9CCC-B53781148E78}.Release|Any CPU.ActiveCfg = Release|Any CPU
		{7F557BE8-7651-478C-9CCC-B53781148E78}.Release|Any CPU.Build.0 = Release|Any CPU
		{43CEFCA6-A258-4725-83B1-5D51F85C46FC}.Debug|Any CPU.ActiveCfg = Debug|Any CPU
		{43CEFCA6-A258-4725-83B1-5D51F85C46FC}.Debug|Any CPU.Build.0 = Debug|Any CPU
		{43CEFCA6-A258-4725-83B1-5D51F85C46FC}.Release|Any CPU.ActiveCfg = Release|Any CPU
		{43CEFCA6-A258-4725-83B1-5D51F85C46FC}.Release|Any CPU.Build.0 = Release|Any CPU
		{22DF4D8D-BD4B-4F12-9C14-0052CA6EDA20}.Debug|Any CPU.ActiveCfg = Debug|Any CPU
		{22DF4D8D-BD4B-4F12-9C14-0052CA6EDA20}.Debug|Any CPU.Build.0 = Debug|Any CPU
		{22DF4D8D-BD4B-4F12-9C14-0052CA6EDA20}.Release|Any CPU.ActiveCfg = Release|Any CPU
		{22DF4D8D-BD4B-4F12-9C14-0052CA6EDA20}.Release|Any CPU.Build.0 = Release|Any CPU
	EndGlobalSection
	GlobalSection(SolutionProperties) = preSolution
		HideSolutionNode = FALSE
	EndGlobalSection
	GlobalSection(NestedProjects) = preSolution
		{FF9827B6-57B1-450A-8282-0237EEFD6773} = {D59A57E8-9F4E-4AEB-B6FB-3BA3FFAE4811}
		{D59A57E8-9F4E-4AEB-B6FB-3BA3FFAE4811} = {1E431A67-8B51-449F-9BF1-F07D0AC5F614}
		{3B11A24C-B758-4ECA-8C63-4B0E7D417A90} = {1E431A67-8B51-449F-9BF1-F07D0AC5F614}
		{20ADBDA4-2DC2-459F-A43D-3EE9512F27CB} = {1E431A67-8B51-449F-9BF1-F07D0AC5F614}
		{96773244-3360-4B5E-94D1-58C23CD1D6EF} = {1E431A67-8B51-449F-9BF1-F07D0AC5F614}
		{7F557BE8-7651-478C-9CCC-B53781148E78} = {D59A57E8-9F4E-4AEB-B6FB-3BA3FFAE4811}
		{43CEFCA6-A258-4725-83B1-5D51F85C46FC} = {3B11A24C-B758-4ECA-8C63-4B0E7D417A90}
		{22DF4D8D-BD4B-4F12-9C14-0052CA6EDA20} = {96773244-3360-4B5E-94D1-58C23CD1D6EF}
	EndGlobalSection
	GlobalSection(ExtensibilityGlobals) = postSolution
		SolutionGuid = {9BAB5042-A309-4EEF-A1ED-8480C0F6E7B5}
	EndGlobalSection
EndGlobal
